
Microsoft Visual Studio Solution File, Format Version 12.00
# Visual Studio Version 17
VisualStudioVersion = 17.4.33213.308
MinimumVisualStudioVersion = 10.0.40219.1
Project("{9A19103F-16F7-4668-BE54-9A1E7A4F7556}") = "CQ.UnitOfWork.Run", "CQ.UnitOfWork.Run\CQ.UnitOfWork.Run.csproj", "{659FEE13-77C7-4054-A466-0A13C444AEED}"
EndProject
Project("{9A19103F-16F7-4668-BE54-9A1E7A4F7556}") = "CQ.UnitOfWork", "CQ.UnitOfWork\CQ.UnitOfWork.csproj", "{5661FF80-9BC7-4527-8B83-DCDBB97B08DD}"
EndProject
Project("{FAE04EC0-301F-11D3-BF4B-00C04F79EFBC}") = "CQ.UnitOfWork.Api", "CQ.UnitOfWork.Api\CQ.UnitOfWork.Api.csproj", "{273B2493-AC0E-4F87-BFD1-FB0348EC2B26}"
EndProject
Global
	GlobalSection(SolutionConfigurationPlatforms) = preSolution
		Debug|Any CPU = Debug|Any CPU
		Release|Any CPU = Release|Any CPU
	EndGlobalSection
	GlobalSection(ProjectConfigurationPlatforms) = postSolution
		{659FEE13-77C7-4054-A466-0A13C444AEED}.Debug|Any CPU.ActiveCfg = Debug|Any CPU
		{659FEE13-77C7-4054-A466-0A13C444AEED}.Debug|Any CPU.Build.0 = Debug|Any CPU
		{659FEE13-77C7-4054-A466-0A13C444AEED}.Release|Any CPU.ActiveCfg = Release|Any CPU
		{5661FF80-9BC7-4527-8B83-DCDBB97B08DD}.Debug|Any CPU.ActiveCfg = Debug|Any CPU
		{5661FF80-9BC7-4527-8B83-DCDBB97B08DD}.Debug|Any CPU.Build.0 = Debug|Any CPU
		{5661FF80-9BC7-4527-8B83-DCDBB97B08DD}.Release|Any CPU.ActiveCfg = Release|Any CPU
		{5661FF80-9BC7-4527-8B83-DCDBB97B08DD}.Release|Any CPU.Build.0 = Release|Any CPU
		{273B2493-AC0E-4F87-BFD1-FB0348EC2B26}.Debug|Any CPU.ActiveCfg = Debug|Any CPU
		{273B2493-AC0E-4F87-BFD1-FB0348EC2B26}.Debug|Any CPU.Build.0 = Debug|Any CPU
		{273B2493-AC0E-4F87-BFD1-FB0348EC2B26}.Release|Any CPU.ActiveCfg = Release|Any CPU
		{273B2493-AC0E-4F87-BFD1-FB0348EC2B26}.Release|Any CPU.Build.0 = Release|Any CPU
	EndGlobalSection
	GlobalSection(SolutionProperties) = preSolution
		HideSolutionNode = FALSE
	EndGlobalSection
	GlobalSection(ExtensibilityGlobals) = postSolution
		SolutionGuid = {14B7C1DA-270F-4DCC-8F85-0DFE44920C1F}
	EndGlobalSection
EndGlobal
