
Microsoft Visual Studio Solution File, Format Version 12.00
# Visual Studio Version 17
VisualStudioVersion = 17.4.33213.308
MinimumVisualStudioVersion = 10.0.40219.1
Project("{9A19103F-16F7-4668-BE54-9A1E7A4F7556}") = "CQ.UnitOfWork.Api", "CQ.UnitOfWork.Api\CQ.UnitOfWork.Api.csproj", "{273B2493-AC0E-4F87-BFD1-FB0348EC2B26}"
EndProject
Project("{9A19103F-16F7-4668-BE54-9A1E7A4F7556}") = "CQ.EfCore.Migrations", "CQ.EfCore.Migration\CQ.EfCore.Migrations.csproj", "{7729F007-59E0-4570-9809-D40FA79C2B7A}"
EndProject
Project("{2150E333-8FDC-42A3-9474-1A3956D46DE8}") = "UnitOfWork", "UnitOfWork", "{3A37B592-E953-4FAF-B921-63A102369E63}"
EndProject
Project("{9A19103F-16F7-4668-BE54-9A1E7A4F7556}") = "CQ.UnitOfWork.EfCore", "CQ.UnitOfWork.EfCore\CQ.UnitOfWork.EfCore.csproj", "{7D63907A-F440-42C9-BD00-5A2FC8D8F042}"
EndProject
Project("{9A19103F-16F7-4668-BE54-9A1E7A4F7556}") = "CQ.UnitOfWork.MongoDriver", "CQ.UnitOfWork.MongoDriver\CQ.UnitOfWork.MongoDriver.csproj", "{4085511C-3BD9-408A-A0D1-CC2D0A74B35A}"
EndProject
Project("{2150E333-8FDC-42A3-9474-1A3956D46DE8}") = "Api use", "Api use", "{49E5EF16-20B9-4400-8827-DBC41363D71E}"
EndProject
Project("{9A19103F-16F7-4668-BE54-9A1E7A4F7556}") = "CQ.UnitOfWork.Api.MongoDriver.DataAccess", "CQ.UnitOfWork.Api.MongoDriver.DataAccess\CQ.UnitOfWork.Api.MongoDriver.DataAccess.csproj", "{CDAB4FBA-140E-4120-A44A-D4E71E6BE5AC}"
EndProject
Project("{9A19103F-16F7-4668-BE54-9A1E7A4F7556}") = "CQ.UnitOfWork.Api.EfCore.DataAccess", "CQ.UnitOfWork.Api.EFCore.DataAccess\CQ.UnitOfWork.Api.EfCore.DataAccess.csproj", "{18BF5A88-FE98-4AAA-808D-81FEF5F7A6B4}"
EndProject
Project("{9A19103F-16F7-4668-BE54-9A1E7A4F7556}") = "CQ.UnitOfWork", "CQ.UnitOfWork\CQ.UnitOfWork.csproj", "{6FC42EA1-50B8-473C-A0E9-BB49C3E814DE}"
EndProject
Project("{2150E333-8FDC-42A3-9474-1A3956D46DE8}") = "Solution Items", "Solution Items", "{579769CD-5FF7-4E20-A85A-54EAD5DAC985}"
	ProjectSection(SolutionItems) = preProject
		.dockerignore = .dockerignore
		.gitignore = .gitignore
		.github\workflows\build.yml = .github\workflows\build.yml
		docker-compose.yml = docker-compose.yml
		Dockerfile = Dockerfile
		.github\workflows\on-uow-efcore.yml = .github\workflows\on-uow-efcore.yml
		.github\workflows\on-uow-mongo.yml = .github\workflows\on-uow-mongo.yml
		.github\workflows\on-uow.yml = .github\workflows\on-uow.yml
		.github\workflows\tag.yml = .github\workflows\tag.yml
	EndProjectSection
EndProject
Global
	GlobalSection(SolutionConfigurationPlatforms) = preSolution
		Debug|Any CPU = Debug|Any CPU
		Release|Any CPU = Release|Any CPU
	EndGlobalSection
	GlobalSection(ProjectConfigurationPlatforms) = postSolution
		{273B2493-AC0E-4F87-BFD1-FB0348EC2B26}.Debug|Any CPU.ActiveCfg = Debug|Any CPU
		{273B2493-AC0E-4F87-BFD1-FB0348EC2B26}.Debug|Any CPU.Build.0 = Debug|Any CPU
		{273B2493-AC0E-4F87-BFD1-FB0348EC2B26}.Release|Any CPU.ActiveCfg = Release|Any CPU
		{273B2493-AC0E-4F87-BFD1-FB0348EC2B26}.Release|Any CPU.Build.0 = Release|Any CPU
		{7729F007-59E0-4570-9809-D40FA79C2B7A}.Debug|Any CPU.ActiveCfg = Debug|Any CPU
		{7729F007-59E0-4570-9809-D40FA79C2B7A}.Debug|Any CPU.Build.0 = Debug|Any CPU
		{7729F007-59E0-4570-9809-D40FA79C2B7A}.Release|Any CPU.ActiveCfg = Release|Any CPU
		{7729F007-59E0-4570-9809-D40FA79C2B7A}.Release|Any CPU.Build.0 = Release|Any CPU
		{7D63907A-F440-42C9-BD00-5A2FC8D8F042}.Debug|Any CPU.ActiveCfg = Debug|Any CPU
		{7D63907A-F440-42C9-BD00-5A2FC8D8F042}.Debug|Any CPU.Build.0 = Debug|Any CPU
		{7D63907A-F440-42C9-BD00-5A2FC8D8F042}.Release|Any CPU.ActiveCfg = Release|Any CPU
		{7D63907A-F440-42C9-BD00-5A2FC8D8F042}.Release|Any CPU.Build.0 = Release|Any CPU
		{4085511C-3BD9-408A-A0D1-CC2D0A74B35A}.Debug|Any CPU.ActiveCfg = Debug|Any CPU
		{4085511C-3BD9-408A-A0D1-CC2D0A74B35A}.Debug|Any CPU.Build.0 = Debug|Any CPU
		{4085511C-3BD9-408A-A0D1-CC2D0A74B35A}.Release|Any CPU.ActiveCfg = Release|Any CPU
		{4085511C-3BD9-408A-A0D1-CC2D0A74B35A}.Release|Any CPU.Build.0 = Release|Any CPU
		{CDAB4FBA-140E-4120-A44A-D4E71E6BE5AC}.Debug|Any CPU.ActiveCfg = Debug|Any CPU
		{CDAB4FBA-140E-4120-A44A-D4E71E6BE5AC}.Debug|Any CPU.Build.0 = Debug|Any CPU
		{CDAB4FBA-140E-4120-A44A-D4E71E6BE5AC}.Release|Any CPU.ActiveCfg = Release|Any CPU
		{CDAB4FBA-140E-4120-A44A-D4E71E6BE5AC}.Release|Any CPU.Build.0 = Release|Any CPU
		{18BF5A88-FE98-4AAA-808D-81FEF5F7A6B4}.Debug|Any CPU.ActiveCfg = Debug|Any CPU
		{18BF5A88-FE98-4AAA-808D-81FEF5F7A6B4}.Debug|Any CPU.Build.0 = Debug|Any CPU
		{18BF5A88-FE98-4AAA-808D-81FEF5F7A6B4}.Release|Any CPU.ActiveCfg = Release|Any CPU
		{18BF5A88-FE98-4AAA-808D-81FEF5F7A6B4}.Release|Any CPU.Build.0 = Release|Any CPU
		{6FC42EA1-50B8-473C-A0E9-BB49C3E814DE}.Debug|Any CPU.ActiveCfg = Debug|Any CPU
		{6FC42EA1-50B8-473C-A0E9-BB49C3E814DE}.Debug|Any CPU.Build.0 = Debug|Any CPU
		{6FC42EA1-50B8-473C-A0E9-BB49C3E814DE}.Release|Any CPU.ActiveCfg = Release|Any CPU
		{6FC42EA1-50B8-473C-A0E9-BB49C3E814DE}.Release|Any CPU.Build.0 = Release|Any CPU
	EndGlobalSection
	GlobalSection(SolutionProperties) = preSolution
		HideSolutionNode = FALSE
	EndGlobalSection
	GlobalSection(NestedProjects) = preSolution
		{273B2493-AC0E-4F87-BFD1-FB0348EC2B26} = {49E5EF16-20B9-4400-8827-DBC41363D71E}
		{7729F007-59E0-4570-9809-D40FA79C2B7A} = {49E5EF16-20B9-4400-8827-DBC41363D71E}
		{7D63907A-F440-42C9-BD00-5A2FC8D8F042} = {3A37B592-E953-4FAF-B921-63A102369E63}
		{4085511C-3BD9-408A-A0D1-CC2D0A74B35A} = {3A37B592-E953-4FAF-B921-63A102369E63}
		{CDAB4FBA-140E-4120-A44A-D4E71E6BE5AC} = {49E5EF16-20B9-4400-8827-DBC41363D71E}
		{18BF5A88-FE98-4AAA-808D-81FEF5F7A6B4} = {49E5EF16-20B9-4400-8827-DBC41363D71E}
		{6FC42EA1-50B8-473C-A0E9-BB49C3E814DE} = {3A37B592-E953-4FAF-B921-63A102369E63}
	EndGlobalSection
	GlobalSection(ExtensibilityGlobals) = postSolution
		SolutionGuid = {14B7C1DA-270F-4DCC-8F85-0DFE44920C1F}
	EndGlobalSection
EndGlobal
